// !$*UTF8*$!
{
	archiveVersion = 1;
	classes = {
	};
	objectVersion = 63;
	objects = {

/* Begin PBXBuildFile section */
		092C8F21BD7C7378B104E7E8 /* SettingsView.swift in Sources */ = {isa = PBXBuildFile; fileRef = 6E88DAD9F4DAA169A0B3BBE2 /* SettingsView.swift */; };
		11EE6007D2237A59C45E7692 /* StatsCard.swift in Sources */ = {isa = PBXBuildFile; fileRef = 3A636727BD7512F2B965F87E /* StatsCard.swift */; };
		1515F883591E3308E8D82385 /* SwipeTests.swift in Sources */ = {isa = PBXBuildFile; fileRef = F661A2608885E83B7679D15A /* SwipeTests.swift */; };
		1A6D7FA6B0BDA58F5E242ACF /* Assets.xcassets in Resources */ = {isa = PBXBuildFile; fileRef = 01D5C6A94AF8FA46B03D5702 /* Assets.xcassets */; };
		1E11E207CFA153D1F67DCEF1 /* SessionCompleteView.swift in Sources */ = {isa = PBXBuildFile; fileRef = 68E642A93B866E0DE7E5EE9A /* SessionCompleteView.swift */; };
		2D3AC883BCE507D71D22BF40 /* MusicPicker.swift in Sources */ = {isa = PBXBuildFile; fileRef = B6973C8FBFB4EBFA1701F937 /* MusicPicker.swift */; };
		422370ED6F8C43A07AD003F5 /* PhotoDetailOverlay.swift in Sources */ = {isa = PBXBuildFile; fileRef = E15C5733DA2D3FCFC27B4BFF /* PhotoDetailOverlay.swift */; };
		4435DE38FFCEC778F314816D /* SwipeFormatters.swift in Sources */ = {isa = PBXBuildFile; fileRef = 696B85FD1C5E5798DFE6B4D7 /* SwipeFormatters.swift */; };
		467775E57B42EE49540413B1 /* HomeView.swift in Sources */ = {isa = PBXBuildFile; fileRef = F5C59D41904470C8CD74CEC8 /* HomeView.swift */; };
		4D1DA8CB6B5ED6BDD744003C /* AlbumCard.swift in Sources */ = {isa = PBXBuildFile; fileRef = 60D3B2A258979F64A910822A /* AlbumCard.swift */; };
		4F3EB048077B42B17D8D86E4 /* HomeTests.swift in Sources */ = {isa = PBXBuildFile; fileRef = B39C4B6855BF15D35CB4F63A /* HomeTests.swift */; };
		51EEC75646A4F8D43BCD6853 /* OnboardingView.swift in Sources */ = {isa = PBXBuildFile; fileRef = 9D4DEB6056253EED0BB138DA /* OnboardingView.swift */; };
		5EBC0FDDCDFC3AA2A1EC153C /* Protocols.swift in Sources */ = {isa = PBXBuildFile; fileRef = 0B54909C13E13BABFABD7CBF /* Protocols.swift */; };
		67FBB6E9C944A45EF14DE718 /* SupercutSettingsView.swift in Sources */ = {isa = PBXBuildFile; fileRef = 601A86FEBC52B158A5DF9063 /* SupercutSettingsView.swift */; };
		6CB0235DC62687F736F4E5C1 /* DeleteManager.swift in Sources */ = {isa = PBXBuildFile; fileRef = 8820F5BBF354842CA83FCC4B /* DeleteManager.swift */; };
		72D777E6CFA6AF8C6A458959 /* SupercutPreviewView.swift in Sources */ = {isa = PBXBuildFile; fileRef = BF15B686319A7D2AAD3FC387 /* SupercutPreviewView.swift */; };
		8741D90A6BC8F5A8B1A1818A /* SettingsTypes.swift in Sources */ = {isa = PBXBuildFile; fileRef = 02C59F0914B2714C8FA851F7 /* SettingsTypes.swift */; };
		8CACC30E3A9B2E1C9D69E3CB /* PhotoAnalyzer.swift in Sources */ = {isa = PBXBuildFile; fileRef = 0AD36DDAD06A1525F9C00A3A /* PhotoAnalyzer.swift */; };
		90272E1602624B65C12386F0 /* CardStack.swift in Sources */ = {isa = PBXBuildFile; fileRef = 55B95752284705439F1FFDC3 /* CardStack.swift */; };
		A0E858EB8F5A4EF7C4BB6366 /* ReviewGridView.swift in Sources */ = {isa = PBXBuildFile; fileRef = E95C8C3C9676C9ADB91F5123 /* ReviewGridView.swift */; };
		A5022C97FC280ED44EC28543 /* SupercutComposer.swift in Sources */ = {isa = PBXBuildFile; fileRef = 0F4E4B306D00AE64F3BE6D93 /* SupercutComposer.swift */; };
		AA8A15B95036A54360D8BB4C /* SwipeView.swift in Sources */ = {isa = PBXBuildFile; fileRef = AFB19EEC564A21D5D97FDD53 /* SwipeView.swift */; };
		AC5CB397FFEC4693847C0CA9 /* SwipeCardView.swift in Sources */ = {isa = PBXBuildFile; fileRef = 1252C802951E847291634AC0 /* SwipeCardView.swift */; };
		AF6E9B826A818E6B46C6F3A9 /* PermissionManager.swift in Sources */ = {isa = PBXBuildFile; fileRef = C2B9081BDADB279CAB149BE3 /* PermissionManager.swift */; };
		B5323E0147C8CD3DC4A46D5D /* SwipeHistory.swift in Sources */ = {isa = PBXBuildFile; fileRef = 51F0CA61F7FEE4D819F8DE4D /* SwipeHistory.swift */; };
		B646C7F6FA5F13B2B5DF5B43 /* AlbumProvider.swift in Sources */ = {isa = PBXBuildFile; fileRef = 8641CE9076A1B18B8CAFC78C /* AlbumProvider.swift */; };
		BAF0AC876F501AD8DD9491AD /* OnboardingPage.swift in Sources */ = {isa = PBXBuildFile; fileRef = 85E4DA81116903E76975102D /* OnboardingPage.swift */; };
		BC6E684EB67C5A209D1E5BD4 /* PhotoLoader.swift in Sources */ = {isa = PBXBuildFile; fileRef = 1CD63066F10836DEF97E6A44 /* PhotoLoader.swift */; };
		BCBF0B84A864C1553603AA60 /* SessionCompleteLogic.swift in Sources */ = {isa = PBXBuildFile; fileRef = C9F37A7A1EA6DDBBA8DC8C25 /* SessionCompleteLogic.swift */; };
		BDADF98E4753F979C67D6C8B /* AlbumSourceGrouper.swift in Sources */ = {isa = PBXBuildFile; fileRef = 8AC7AAB950423B6E1F9C8B98 /* AlbumSourceGrouper.swift */; };
		BE3C60C52C541850EE1267C8 /* CardStackLayout.swift in Sources */ = {isa = PBXBuildFile; fileRef = 49F2C26A9ECB8358D6DF9870 /* CardStackLayout.swift */; };
		BF2D357702ECF8636336E104 /* SessionTracker.swift in Sources */ = {isa = PBXBuildFile; fileRef = 1DA576A8EE3AC232C368422A /* SessionTracker.swift */; };
		D553DF75CB78D79867A5E655 /* SupercutProgressView.swift in Sources */ = {isa = PBXBuildFile; fileRef = B85ED9001BAE53FDECBE873A /* SupercutProgressView.swift */; };
		DA8FD92228C7E5BB4EDD61E1 /* AlbumSource.swift in Sources */ = {isa = PBXBuildFile; fileRef = 947983D9B02CFFDB72D3B9EA /* AlbumSource.swift */; };
		EB550BA29BC7BE979A3DB8F1 /* CoreTests.swift in Sources */ = {isa = PBXBuildFile; fileRef = 6E6B9AFC37C0584FAA7A83F3 /* CoreTests.swift */; };
		F2B27195022C57C736942694 /* PhotoItem.swift in Sources */ = {isa = PBXBuildFile; fileRef = AE3930469A393BBB854E9733 /* PhotoItem.swift */; };
		FDB9CCF8AB1A75C44E4F0CB8 /* SwipeCleanApp.swift in Sources */ = {isa = PBXBuildFile; fileRef = 87B84F6E07643F18CB833350 /* SwipeCleanApp.swift */; };
		FEE2957CBF7D697F133A36C7 /* SwipeGestureCalculator.swift in Sources */ = {isa = PBXBuildFile; fileRef = 65D211B2444F447ECDC884C1 /* SwipeGestureCalculator.swift */; };
		FF531312CF9A7A9B330F765E /* StorageFormatter.swift in Sources */ = {isa = PBXBuildFile; fileRef = 35E01D1E83BF6D7C0029DB52 /* StorageFormatter.swift */; };
/* End PBXBuildFile section */

/* Begin PBXContainerItemProxy section */
		49E5E0F6FB5B2576BBA3EE6C /* PBXContainerItemProxy */ = {
			isa = PBXContainerItemProxy;
			containerPortal = 7E0531C81511778EF5537806 /* Project object */;
			proxyType = 1;
			remoteGlobalIDString = 5C167FCC27493A00A62992CD;
			remoteInfo = SwipeClean;
		};
/* End PBXContainerItemProxy section */

/* Begin PBXFileReference section */
		01D5C6A94AF8FA46B03D5702 /* Assets.xcassets */ = {isa = PBXFileReference; lastKnownFileType = folder.assetcatalog; path = Assets.xcassets; sourceTree = "<group>"; };
		02C59F0914B2714C8FA851F7 /* SettingsTypes.swift */ = {isa = PBXFileReference; lastKnownFileType = sourcecode.swift; path = SettingsTypes.swift; sourceTree = "<group>"; };
		0AD36DDAD06A1525F9C00A3A /* PhotoAnalyzer.swift */ = {isa = PBXFileReference; lastKnownFileType = sourcecode.swift; path = PhotoAnalyzer.swift; sourceTree = "<group>"; };
		0B54909C13E13BABFABD7CBF /* Protocols.swift */ = {isa = PBXFileReference; lastKnownFileType = sourcecode.swift; path = Protocols.swift; sourceTree = "<group>"; };
		0F4E4B306D00AE64F3BE6D93 /* SupercutComposer.swift */ = {isa = PBXFileReference; lastKnownFileType = sourcecode.swift; path = SupercutComposer.swift; sourceTree = "<group>"; };
		1252C802951E847291634AC0 /* SwipeCardView.swift */ = {isa = PBXFileReference; lastKnownFileType = sourcecode.swift; path = SwipeCardView.swift; sourceTree = "<group>"; };
		1CD63066F10836DEF97E6A44 /* PhotoLoader.swift */ = {isa = PBXFileReference; lastKnownFileType = sourcecode.swift; path = PhotoLoader.swift; sourceTree = "<group>"; };
		1DA576A8EE3AC232C368422A /* SessionTracker.swift */ = {isa = PBXFileReference; lastKnownFileType = sourcecode.swift; path = SessionTracker.swift; sourceTree = "<group>"; };
		2BD4F0ABAC8E138BE2B9692C /* SwipeClean.app */ = {isa = PBXFileReference; explicitFileType = wrapper.application; includeInIndex = 0; path = SwipeClean.app; sourceTree = BUILT_PRODUCTS_DIR; };
		35E01D1E83BF6D7C0029DB52 /* StorageFormatter.swift */ = {isa = PBXFileReference; lastKnownFileType = sourcecode.swift; path = StorageFormatter.swift; sourceTree = "<group>"; };
		3A636727BD7512F2B965F87E /* StatsCard.swift */ = {isa = PBXFileReference; lastKnownFileType = sourcecode.swift; path = StatsCard.swift; sourceTree = "<group>"; };
		49F2C26A9ECB8358D6DF9870 /* CardStackLayout.swift */ = {isa = PBXFileReference; lastKnownFileType = sourcecode.swift; path = CardStackLayout.swift; sourceTree = "<group>"; };
		51F0CA61F7FEE4D819F8DE4D /* SwipeHistory.swift */ = {isa = PBXFileReference; lastKnownFileType = sourcecode.swift; path = SwipeHistory.swift; sourceTree = "<group>"; };
		55B95752284705439F1FFDC3 /* CardStack.swift */ = {isa = PBXFileReference; lastKnownFileType = sourcecode.swift; path = CardStack.swift; sourceTree = "<group>"; };
		601A86FEBC52B158A5DF9063 /* SupercutSettingsView.swift */ = {isa = PBXFileReference; lastKnownFileType = sourcecode.swift; path = SupercutSettingsView.swift; sourceTree = "<group>"; };
		60D3B2A258979F64A910822A /* AlbumCard.swift */ = {isa = PBXFileReference; lastKnownFileType = sourcecode.swift; path = AlbumCard.swift; sourceTree = "<group>"; };
		65D211B2444F447ECDC884C1 /* SwipeGestureCalculator.swift */ = {isa = PBXFileReference; lastKnownFileType = sourcecode.swift; path = SwipeGestureCalculator.swift; sourceTree = "<group>"; };
		68E642A93B866E0DE7E5EE9A /* SessionCompleteView.swift */ = {isa = PBXFileReference; lastKnownFileType = sourcecode.swift; path = SessionCompleteView.swift; sourceTree = "<group>"; };
		696B85FD1C5E5798DFE6B4D7 /* SwipeFormatters.swift */ = {isa = PBXFileReference; lastKnownFileType = sourcecode.swift; path = SwipeFormatters.swift; sourceTree = "<group>"; };
		6E6B9AFC37C0584FAA7A83F3 /* CoreTests.swift */ = {isa = PBXFileReference; lastKnownFileType = sourcecode.swift; path = CoreTests.swift; sourceTree = "<group>"; };
		6E88DAD9F4DAA169A0B3BBE2 /* SettingsView.swift */ = {isa = PBXFileReference; lastKnownFileType = sourcecode.swift; path = SettingsView.swift; sourceTree = "<group>"; };
		78BFCC6D0181172C2DC13458 /* Info.plist */ = {isa = PBXFileReference; lastKnownFileType = text.plist; path = Info.plist; sourceTree = "<group>"; };
		85E4DA81116903E76975102D /* OnboardingPage.swift */ = {isa = PBXFileReference; lastKnownFileType = sourcecode.swift; path = OnboardingPage.swift; sourceTree = "<group>"; };
		8641CE9076A1B18B8CAFC78C /* AlbumProvider.swift */ = {isa = PBXFileReference; lastKnownFileType = sourcecode.swift; path = AlbumProvider.swift; sourceTree = "<group>"; };
		87B84F6E07643F18CB833350 /* SwipeCleanApp.swift */ = {isa = PBXFileReference; lastKnownFileType = sourcecode.swift; path = SwipeCleanApp.swift; sourceTree = "<group>"; };
		8820F5BBF354842CA83FCC4B /* DeleteManager.swift */ = {isa = PBXFileReference; lastKnownFileType = sourcecode.swift; path = DeleteManager.swift; sourceTree = "<group>"; };
		8AC7AAB950423B6E1F9C8B98 /* AlbumSourceGrouper.swift */ = {isa = PBXFileReference; lastKnownFileType = sourcecode.swift; path = AlbumSourceGrouper.swift; sourceTree = "<group>"; };
		947983D9B02CFFDB72D3B9EA /* AlbumSource.swift */ = {isa = PBXFileReference; lastKnownFileType = sourcecode.swift; path = AlbumSource.swift; sourceTree = "<group>"; };
		9D4DEB6056253EED0BB138DA /* OnboardingView.swift */ = {isa = PBXFileReference; lastKnownFileType = sourcecode.swift; path = OnboardingView.swift; sourceTree = "<group>"; };
		AE3930469A393BBB854E9733 /* PhotoItem.swift */ = {isa = PBXFileReference; lastKnownFileType = sourcecode.swift; path = PhotoItem.swift; sourceTree = "<group>"; };
		AFB19EEC564A21D5D97FDD53 /* SwipeView.swift */ = {isa = PBXFileReference; lastKnownFileType = sourcecode.swift; path = SwipeView.swift; sourceTree = "<group>"; };
		B39C4B6855BF15D35CB4F63A /* HomeTests.swift */ = {isa = PBXFileReference; lastKnownFileType = sourcecode.swift; path = HomeTests.swift; sourceTree = "<group>"; };
		B6973C8FBFB4EBFA1701F937 /* MusicPicker.swift */ = {isa = PBXFileReference; lastKnownFileType = sourcecode.swift; path = MusicPicker.swift; sourceTree = "<group>"; };
		B85ED9001BAE53FDECBE873A /* SupercutProgressView.swift */ = {isa = PBXFileReference; lastKnownFileType = sourcecode.swift; path = SupercutProgressView.swift; sourceTree = "<group>"; };
		BF15B686319A7D2AAD3FC387 /* SupercutPreviewView.swift */ = {isa = PBXFileReference; lastKnownFileType = sourcecode.swift; path = SupercutPreviewView.swift; sourceTree = "<group>"; };
		C2B9081BDADB279CAB149BE3 /* PermissionManager.swift */ = {isa = PBXFileReference; lastKnownFileType = sourcecode.swift; path = PermissionManager.swift; sourceTree = "<group>"; };
		C9F37A7A1EA6DDBBA8DC8C25 /* SessionCompleteLogic.swift */ = {isa = PBXFileReference; lastKnownFileType = sourcecode.swift; path = SessionCompleteLogic.swift; sourceTree = "<group>"; };
		E15C5733DA2D3FCFC27B4BFF /* PhotoDetailOverlay.swift */ = {isa = PBXFileReference; lastKnownFileType = sourcecode.swift; path = PhotoDetailOverlay.swift; sourceTree = "<group>"; };
		E48967298F8CA49401302E38 /* SwipeCleanTests.xctest */ = {isa = PBXFileReference; includeInIndex = 0; lastKnownFileType = wrapper; path = SwipeCleanTests.xctest; sourceTree = BUILT_PRODUCTS_DIR; };
		E95C8C3C9676C9ADB91F5123 /* ReviewGridView.swift */ = {isa = PBXFileReference; lastKnownFileType = sourcecode.swift; path = ReviewGridView.swift; sourceTree = "<group>"; };
		F5C59D41904470C8CD74CEC8 /* HomeView.swift */ = {isa = PBXFileReference; lastKnownFileType = sourcecode.swift; path = HomeView.swift; sourceTree = "<group>"; };
		F661A2608885E83B7679D15A /* SwipeTests.swift */ = {isa = PBXFileReference; lastKnownFileType = sourcecode.swift; path = SwipeTests.swift; sourceTree = "<group>"; };
/* End PBXFileReference section */

/* Begin PBXGroup section */
		33C094C2F250DC816B226CB2 /* SwipeClean */ = {
			isa = PBXGroup;
			children = (
				78BFCC6D0181172C2DC13458 /* Info.plist */,
				4686CFAD6FE765A6C8FE6910 /* App */,
				D809F92E8ADD508ED25E6958 /* Core */,
				59F640E24A33574531F6FA26 /* Models */,
				E0139D4082F034550D5A0A6B /* Resources */,
				FE3F473EFB851B5A1F99F6EF /* Supercut */,
				AC18EE21C9C6CDB246F710B4 /* Views */,
			);
			name = SwipeClean;
			path = Sources/SwipeClean;
			sourceTree = "<group>";
		};
		4686CFAD6FE765A6C8FE6910 /* App */ = {
			isa = PBXGroup;
			children = (
				87B84F6E07643F18CB833350 /* SwipeCleanApp.swift */,
			);
			path = App;
			sourceTree = "<group>";
		};
		59F640E24A33574531F6FA26 /* Models */ = {
			isa = PBXGroup;
			children = (
				947983D9B02CFFDB72D3B9EA /* AlbumSource.swift */,
				8AC7AAB950423B6E1F9C8B98 /* AlbumSourceGrouper.swift */,
				85E4DA81116903E76975102D /* OnboardingPage.swift */,
				AE3930469A393BBB854E9733 /* PhotoItem.swift */,
				02C59F0914B2714C8FA851F7 /* SettingsTypes.swift */,
				35E01D1E83BF6D7C0029DB52 /* StorageFormatter.swift */,
			);
			path = Models;
			sourceTree = "<group>";
		};
		5C4C1E5904E160FC6C320A1D /* SwipeCleanTests */ = {
			isa = PBXGroup;
			children = (
				6E6B9AFC37C0584FAA7A83F3 /* CoreTests.swift */,
				B39C4B6855BF15D35CB4F63A /* HomeTests.swift */,
				F661A2608885E83B7679D15A /* SwipeTests.swift */,
			);
			name = SwipeCleanTests;
			path = Tests/SwipeCleanTests;
			sourceTree = "<group>";
		};
		7B7794D03C908EBF52F0E5F1 /* Onboarding */ = {
			isa = PBXGroup;
			children = (
				9D4DEB6056253EED0BB138DA /* OnboardingView.swift */,
			);
			path = Onboarding;
			sourceTree = "<group>";
		};
		926AA0EA6DA60E9B0EE51546 /* Products */ = {
			isa = PBXGroup;
			children = (
				2BD4F0ABAC8E138BE2B9692C /* SwipeClean.app */,
				E48967298F8CA49401302E38 /* SwipeCleanTests.xctest */,
			);
			name = Products;
			sourceTree = "<group>";
		};
		94B56C27DD80A1C4AB054B99 /* Settings */ = {
			isa = PBXGroup;
			children = (
				6E88DAD9F4DAA169A0B3BBE2 /* SettingsView.swift */,
			);
			path = Settings;
			sourceTree = "<group>";
		};
		96BDDB3B28E74EE80C03AC62 /* Home */ = {
			isa = PBXGroup;
			children = (
				60D3B2A258979F64A910822A /* AlbumCard.swift */,
				F5C59D41904470C8CD74CEC8 /* HomeView.swift */,
				E95C8C3C9676C9ADB91F5123 /* ReviewGridView.swift */,
				3A636727BD7512F2B965F87E /* StatsCard.swift */,
			);
			path = Home;
			sourceTree = "<group>";
		};
		A51C07F7277E55C3D7A7F95E = {
			isa = PBXGroup;
			children = (
				33C094C2F250DC816B226CB2 /* SwipeClean */,
				5C4C1E5904E160FC6C320A1D /* SwipeCleanTests */,
				926AA0EA6DA60E9B0EE51546 /* Products */,
			);
			sourceTree = "<group>";
		};
		AC18EE21C9C6CDB246F710B4 /* Views */ = {
			isa = PBXGroup;
			children = (
				96BDDB3B28E74EE80C03AC62 /* Home */,
				7B7794D03C908EBF52F0E5F1 /* Onboarding */,
				94B56C27DD80A1C4AB054B99 /* Settings */,
				FD09CBF22B563704791EE309 /* Swipe */,
			);
			path = Views;
			sourceTree = "<group>";
		};
		D809F92E8ADD508ED25E6958 /* Core */ = {
			isa = PBXGroup;
			children = (
				8641CE9076A1B18B8CAFC78C /* AlbumProvider.swift */,
				8820F5BBF354842CA83FCC4B /* DeleteManager.swift */,
				C2B9081BDADB279CAB149BE3 /* PermissionManager.swift */,
				1CD63066F10836DEF97E6A44 /* PhotoLoader.swift */,
				0B54909C13E13BABFABD7CBF /* Protocols.swift */,
				1DA576A8EE3AC232C368422A /* SessionTracker.swift */,
			);
			path = Core;
			sourceTree = "<group>";
		};
		E0139D4082F034550D5A0A6B /* Resources */ = {
			isa = PBXGroup;
			children = (
				01D5C6A94AF8FA46B03D5702 /* Assets.xcassets */,
			);
			path = Resources;
			sourceTree = "<group>";
		};
		FD09CBF22B563704791EE309 /* Swipe */ = {
			isa = PBXGroup;
			children = (
				55B95752284705439F1FFDC3 /* CardStack.swift */,
				49F2C26A9ECB8358D6DF9870 /* CardStackLayout.swift */,
				E15C5733DA2D3FCFC27B4BFF /* PhotoDetailOverlay.swift */,
				C9F37A7A1EA6DDBBA8DC8C25 /* SessionCompleteLogic.swift */,
				68E642A93B866E0DE7E5EE9A /* SessionCompleteView.swift */,
				1252C802951E847291634AC0 /* SwipeCardView.swift */,
				696B85FD1C5E5798DFE6B4D7 /* SwipeFormatters.swift */,
				65D211B2444F447ECDC884C1 /* SwipeGestureCalculator.swift */,
				51F0CA61F7FEE4D819F8DE4D /* SwipeHistory.swift */,
				AFB19EEC564A21D5D97FDD53 /* SwipeView.swift */,
			);
			path = Swipe;
			sourceTree = "<group>";
		};
		FE3F473EFB851B5A1F99F6EF /* Supercut */ = {
			isa = PBXGroup;
			children = (
				B6973C8FBFB4EBFA1701F937 /* MusicPicker.swift */,
				0AD36DDAD06A1525F9C00A3A /* PhotoAnalyzer.swift */,
				0F4E4B306D00AE64F3BE6D93 /* SupercutComposer.swift */,
				BF15B686319A7D2AAD3FC387 /* SupercutPreviewView.swift */,
				B85ED9001BAE53FDECBE873A /* SupercutProgressView.swift */,
				601A86FEBC52B158A5DF9063 /* SupercutSettingsView.swift */,
			);
			path = Supercut;
			sourceTree = "<group>";
		};
/* End PBXGroup section */

/* Begin PBXNativeTarget section */
		529EFE8F1A9336DBE3A11CF1 /* SwipeCleanTests */ = {
			isa = PBXNativeTarget;
			buildConfigurationList = B994E08F54A2CBAAB3D3A548 /* Build configuration list for PBXNativeTarget "SwipeCleanTests" */;
			buildPhases = (
				680E2CCD4271AF42A812F09F /* Sources */,
			);
			buildRules = (
			);
			dependencies = (
				E93C0AEB7A45D70EF71E4FC8 /* PBXTargetDependency */,
			);
			name = SwipeCleanTests;
			packageProductDependencies = (
			);
			productName = SwipeCleanTests;
			productReference = E48967298F8CA49401302E38 /* SwipeCleanTests.xctest */;
			productType = "com.apple.product-type.bundle.unit-test";
		};
		5C167FCC27493A00A62992CD /* SwipeClean */ = {
			isa = PBXNativeTarget;
			buildConfigurationList = 530AA6777FCA41A75BB3AE4D /* Build configuration list for PBXNativeTarget "SwipeClean" */;
			buildPhases = (
				68D187DE48C44A6E548CD9B4 /* Sources */,
				B50421586AEC99A6DE8E64A0 /* Resources */,
			);
			buildRules = (
			);
			dependencies = (
			);
			name = SwipeClean;
			packageProductDependencies = (
			);
			productName = SwipeClean;
			productReference = 2BD4F0ABAC8E138BE2B9692C /* SwipeClean.app */;
			productType = "com.apple.product-type.application";
		};
/* End PBXNativeTarget section */

/* Begin PBXProject section */
		7E0531C81511778EF5537806 /* Project object */ = {
			isa = PBXProject;
			attributes = {
				BuildIndependentTargetsInParallel = YES;
				LastUpgradeCheck = 1500;
			};
			buildConfigurationList = 068C16BF6AADBE03117183F4 /* Build configuration list for PBXProject "SwipeClean" */;
			compatibilityVersion = "Xcode 14.0";
			developmentRegion = en;
			hasScannedForEncodings = 0;
			knownRegions = (
				Base,
				en,
			);
			mainGroup = A51C07F7277E55C3D7A7F95E;
			minimizedProjectReferenceProxies = 1;
			projectDirPath = "";
			projectRoot = "";
			targets = (
				5C167FCC27493A00A62992CD /* SwipeClean */,
				529EFE8F1A9336DBE3A11CF1 /* SwipeCleanTests */,
			);
		};
/* End PBXProject section */

/* Begin PBXResourcesBuildPhase section */
		B50421586AEC99A6DE8E64A0 /* Resources */ = {
			isa = PBXResourcesBuildPhase;
			buildActionMask = 2147483647;
			files = (
				1A6D7FA6B0BDA58F5E242ACF /* Assets.xcassets in Resources */,
			);
			runOnlyForDeploymentPostprocessing = 0;
		};
/* End PBXResourcesBuildPhase section */

/* Begin PBXSourcesBuildPhase section */
		680E2CCD4271AF42A812F09F /* Sources */ = {
			isa = PBXSourcesBuildPhase;
			buildActionMask = 2147483647;
			files = (
				EB550BA29BC7BE979A3DB8F1 /* CoreTests.swift in Sources */,
				4F3EB048077B42B17D8D86E4 /* HomeTests.swift in Sources */,
				1515F883591E3308E8D82385 /* SwipeTests.swift in Sources */,
			);
			runOnlyForDeploymentPostprocessing = 0;
		};
		68D187DE48C44A6E548CD9B4 /* Sources */ = {
			isa = PBXSourcesBuildPhase;
			buildActionMask = 2147483647;
			files = (
				4D1DA8CB6B5ED6BDD744003C /* AlbumCard.swift in Sources */,
				B646C7F6FA5F13B2B5DF5B43 /* AlbumProvider.swift in Sources */,
				DA8FD92228C7E5BB4EDD61E1 /* AlbumSource.swift in Sources */,
				BDADF98E4753F979C67D6C8B /* AlbumSourceGrouper.swift in Sources */,
				90272E1602624B65C12386F0 /* CardStack.swift in Sources */,
				BE3C60C52C541850EE1267C8 /* CardStackLayout.swift in Sources */,
				6CB0235DC62687F736F4E5C1 /* DeleteManager.swift in Sources */,
				467775E57B42EE49540413B1 /* HomeView.swift in Sources */,
				2D3AC883BCE507D71D22BF40 /* MusicPicker.swift in Sources */,
				BAF0AC876F501AD8DD9491AD /* OnboardingPage.swift in Sources */,
				51EEC75646A4F8D43BCD6853 /* OnboardingView.swift in Sources */,
				AF6E9B826A818E6B46C6F3A9 /* PermissionManager.swift in Sources */,
				8CACC30E3A9B2E1C9D69E3CB /* PhotoAnalyzer.swift in Sources */,
				422370ED6F8C43A07AD003F5 /* PhotoDetailOverlay.swift in Sources */,
				F2B27195022C57C736942694 /* PhotoItem.swift in Sources */,
				BC6E684EB67C5A209D1E5BD4 /* PhotoLoader.swift in Sources */,
				5EBC0FDDCDFC3AA2A1EC153C /* Protocols.swift in Sources */,
				A0E858EB8F5A4EF7C4BB6366 /* ReviewGridView.swift in Sources */,
				BCBF0B84A864C1553603AA60 /* SessionCompleteLogic.swift in Sources */,
				1E11E207CFA153D1F67DCEF1 /* SessionCompleteView.swift in Sources */,
				BF2D357702ECF8636336E104 /* SessionTracker.swift in Sources */,
				8741D90A6BC8F5A8B1A1818A /* SettingsTypes.swift in Sources */,
				092C8F21BD7C7378B104E7E8 /* SettingsView.swift in Sources */,
				11EE6007D2237A59C45E7692 /* StatsCard.swift in Sources */,
				FF531312CF9A7A9B330F765E /* StorageFormatter.swift in Sources */,
				A5022C97FC280ED44EC28543 /* SupercutComposer.swift in Sources */,
				72D777E6CFA6AF8C6A458959 /* SupercutPreviewView.swift in Sources */,
				D553DF75CB78D79867A5E655 /* SupercutProgressView.swift in Sources */,
				67FBB6E9C944A45EF14DE718 /* SupercutSettingsView.swift in Sources */,
				AC5CB397FFEC4693847C0CA9 /* SwipeCardView.swift in Sources */,
				FDB9CCF8AB1A75C44E4F0CB8 /* SwipeCleanApp.swift in Sources */,
				4435DE38FFCEC778F314816D /* SwipeFormatters.swift in Sources */,
				FEE2957CBF7D697F133A36C7 /* SwipeGestureCalculator.swift in Sources */,
				B5323E0147C8CD3DC4A46D5D /* SwipeHistory.swift in Sources */,
				AA8A15B95036A54360D8BB4C /* SwipeView.swift in Sources */,
			);
			runOnlyForDeploymentPostprocessing = 0;
		};
/* End PBXSourcesBuildPhase section */

/* Begin PBXTargetDependency section */
		E93C0AEB7A45D70EF71E4FC8 /* PBXTargetDependency */ = {
			isa = PBXTargetDependency;
			target = 5C167FCC27493A00A62992CD /* SwipeClean */;
			targetProxy = 49E5E0F6FB5B2576BBA3EE6C /* PBXContainerItemProxy */;
		};
/* End PBXTargetDependency section */

/* Begin XCBuildConfiguration section */
		0447A3D568CDEBEDA165C708 /* Debug */ = {
			isa = XCBuildConfiguration;
			buildSettings = {
				ALWAYS_SEARCH_USER_PATHS = NO;
				CLANG_ANALYZER_NONNULL = YES;
				CLANG_ANALYZER_NUMBER_OBJECT_CONVERSION = YES_AGGRESSIVE;
				CLANG_CXX_LANGUAGE_STANDARD = "gnu++14";
				CLANG_CXX_LIBRARY = "libc++";
				CLANG_ENABLE_MODULES = YES;
				CLANG_ENABLE_OBJC_ARC = YES;
				CLANG_ENABLE_OBJC_WEAK = YES;
				CLANG_WARN_BLOCK_CAPTURE_AUTORELEASING = YES;
				CLANG_WARN_BOOL_CONVERSION = YES;
				CLANG_WARN_COMMA = YES;
				CLANG_WARN_CONSTANT_CONVERSION = YES;
				CLANG_WARN_DEPRECATED_OBJC_IMPLEMENTATIONS = YES;
				CLANG_WARN_DIRECT_OBJC_ISA_USAGE = YES_ERROR;
				CLANG_WARN_DOCUMENTATION_COMMENTS = YES;
				CLANG_WARN_EMPTY_BODY = YES;
				CLANG_WARN_ENUM_CONVERSION = YES;
				CLANG_WARN_INFINITE_RECURSION = YES;
				CLANG_WARN_INT_CONVERSION = YES;
				CLANG_WARN_NON_LITERAL_NULL_CONVERSION = YES;
				CLANG_WARN_OBJC_IMPLICIT_RETAIN_SELF = YES;
				CLANG_WARN_OBJC_LITERAL_CONVERSION = YES;
				CLANG_WARN_OBJC_ROOT_CLASS = YES_ERROR;
				CLANG_WARN_QUOTED_INCLUDE_IN_FRAMEWORK_HEADER = YES;
				CLANG_WARN_RANGE_LOOP_ANALYSIS = YES;
				CLANG_WARN_STRICT_PROTOTYPES = YES;
				CLANG_WARN_SUSPICIOUS_MOVE = YES;
				CLANG_WARN_UNGUARDED_AVAILABILITY = YES_AGGRESSIVE;
				CLANG_WARN_UNREACHABLE_CODE = YES;
				CLANG_WARN__DUPLICATE_METHOD_MATCH = YES;
				COPY_PHASE_STRIP = NO;
				DEBUG_INFORMATION_FORMAT = dwarf;
				ENABLE_STRICT_OBJC_MSGSEND = YES;
				ENABLE_TESTABILITY = YES;
				GCC_C_LANGUAGE_STANDARD = gnu11;
				GCC_DYNAMIC_NO_PIC = NO;
				GCC_NO_COMMON_BLOCKS = YES;
				GCC_OPTIMIZATION_LEVEL = 0;
				GCC_PREPROCESSOR_DEFINITIONS = (
					"$(inherited)",
					"DEBUG=1",
				);
				GCC_WARN_64_TO_32_BIT_CONVERSION = YES;
				GCC_WARN_ABOUT_RETURN_TYPE = YES_ERROR;
				GCC_WARN_UNDECLARED_SELECTOR = YES;
				GCC_WARN_UNINITIALIZED_AUTOS = YES_AGGRESSIVE;
				GCC_WARN_UNUSED_FUNCTION = YES;
				GCC_WARN_UNUSED_VARIABLE = YES;
				INFOPLIST_FILE = Sources/SwipeClean/Info.plist;
				IPHONEOS_DEPLOYMENT_TARGET = 16.0;
				MTL_ENABLE_DEBUG_INFO = INCLUDE_SOURCE;
				MTL_FAST_MATH = YES;
				ONLY_ACTIVE_ARCH = YES;
				PRODUCT_NAME = "$(TARGET_NAME)";
				SDKROOT = iphoneos;
				SWIFT_ACTIVE_COMPILATION_CONDITIONS = DEBUG;
				SWIFT_OPTIMIZATION_LEVEL = "-Onone";
				SWIFT_VERSION = 5.9;
				TARGETED_DEVICE_FAMILY = 1;
			};
			name = Debug;
		};
		2C9F8DFFAB1D53BB7F843980 /* Release */ = {
			isa = XCBuildConfiguration;
			buildSettings = {
				BUNDLE_LOADER = "$(TEST_HOST)";
				GENERATE_INFOPLIST_FILE = YES;
				LD_RUNPATH_SEARCH_PATHS = (
					"$(inherited)",
					"@executable_path/Frameworks",
					"@loader_path/Frameworks",
				);
				PRODUCT_BUNDLE_IDENTIFIER = com.nosleeplab.SwipeCleanTests;
				SDKROOT = iphoneos;
				TARGETED_DEVICE_FAMILY = "1,2";
				TEST_HOST = "$(BUILT_PRODUCTS_DIR)/SwipeClean.app/SwipeClean";
			};
			name = Release;
		};
		62D326A98DA6416165F52746 /* Debug */ = {
			isa = XCBuildConfiguration;
			buildSettings = {
				BUNDLE_LOADER = "$(TEST_HOST)";
				GENERATE_INFOPLIST_FILE = YES;
				LD_RUNPATH_SEARCH_PATHS = (
					"$(inherited)",
					"@executable_path/Frameworks",
					"@loader_path/Frameworks",
				);
				PRODUCT_BUNDLE_IDENTIFIER = com.nosleeplab.SwipeCleanTests;
				SDKROOT = iphoneos;
				TARGETED_DEVICE_FAMILY = "1,2";
				TEST_HOST = "$(BUILT_PRODUCTS_DIR)/SwipeClean.app/SwipeClean";
			};
			name = Debug;
		};
		6E5EBB87AFBE6C5B53BBDD84 /* Debug */ = {
			isa = XCBuildConfiguration;
			buildSettings = {
				ASSETCATALOG_COMPILER_APPICON_NAME = AppIcon;
				CODE_SIGN_IDENTITY = "iPhone Developer";
				DEVELOPMENT_TEAM = 8W75GJ2YQ3;
				GENERATE_INFOPLIST_FILE = YES;
				INFOPLIST_FILE = Sources/SwipeClean/Info.plist;
				INFOPLIST_KEY_NSPhotoLibraryUsageDescription = "SwipeClean needs access to your photo library so you can swipe through photos to keep or delete them.";
				INFOPLIST_KEY_UIApplicationSceneManifest_Generation = YES;
				INFOPLIST_KEY_UIApplicationSupportsIndirectInputEvents = YES;
				INFOPLIST_KEY_UILaunchScreen_Generation = YES;
				INFOPLIST_KEY_UIRequiresFullScreen = YES;
				INFOPLIST_KEY_UISupportedInterfaceOrientations_iPhone = "UIInterfaceOrientationPortrait UIInterfaceOrientationLandscapeLeft UIInterfaceOrientationLandscapeRight";
				LD_RUNPATH_SEARCH_PATHS = (
					"$(inherited)",
					"@executable_path/Frameworks",
				);
				PRODUCT_BUNDLE_IDENTIFIER = com.nosleeplab.SwipeClean;
				SDKROOT = iphoneos;
				TARGETED_DEVICE_FAMILY = "1,2";
			};
			name = Debug;
		};
		BF0E94BB8C24D835FD1737C5 /* Release */ = {
			isa = XCBuildConfiguration;
			buildSettings = {
				ASSETCATALOG_COMPILER_APPICON_NAME = AppIcon;
				CODE_SIGN_IDENTITY = "iPhone Developer";
				DEVELOPMENT_TEAM = 8W75GJ2YQ3;
				GENERATE_INFOPLIST_FILE = YES;
				INFOPLIST_FILE = Sources/SwipeClean/Info.plist;
				INFOPLIST_KEY_NSPhotoLibraryUsageDescription = "SwipeClean needs access to your photo library so you can swipe through photos to keep or delete them.";
				INFOPLIST_KEY_UIApplicationSceneManifest_Generation = YES;
				INFOPLIST_KEY_UIApplicationSupportsIndirectInputEvents = YES;
				INFOPLIST_KEY_UILaunchScreen_Generation = YES;
				INFOPLIST_KEY_UIRequiresFullScreen = YES;
				INFOPLIST_KEY_UISupportedInterfaceOrientations_iPhone = "UIInterfaceOrientationPortrait UIInterfaceOrientationLandscapeLeft UIInterfaceOrientationLandscapeRight";
				LD_RUNPATH_SEARCH_PATHS = (
					"$(inherited)",
					"@executable_path/Frameworks",
				);
				PRODUCT_BUNDLE_IDENTIFIER = com.nosleeplab.SwipeClean;
				SDKROOT = iphoneos;
				TARGETED_DEVICE_FAMILY = "1,2";
			};
			name = Release;
		};
		F4706C2BE44E118DC3DB0D70 /* Release */ = {
			isa = XCBuildConfiguration;
			buildSettings = {
				ALWAYS_SEARCH_USER_PATHS = NO;
				CLANG_ANALYZER_NONNULL = YES;
				CLANG_ANALYZER_NUMBER_OBJECT_CONVERSION = YES_AGGRESSIVE;
				CLANG_CXX_LANGUAGE_STANDARD = "gnu++14";
				CLANG_CXX_LIBRARY = "libc++";
				CLANG_ENABLE_MODULES = YES;
				CLANG_ENABLE_OBJC_ARC = YES;
				CLANG_ENABLE_OBJC_WEAK = YES;
				CLANG_WARN_BLOCK_CAPTURE_AUTORELEASING = YES;
				CLANG_WARN_BOOL_CONVERSION = YES;
				CLANG_WARN_COMMA = YES;
				CLANG_WARN_CONSTANT_CONVERSION = YES;
				CLANG_WARN_DEPRECATED_OBJC_IMPLEMENTATIONS = YES;
				CLANG_WARN_DIRECT_OBJC_ISA_USAGE = YES_ERROR;
				CLANG_WARN_DOCUMENTATION_COMMENTS = YES;
				CLANG_WARN_EMPTY_BODY = YES;
				CLANG_WARN_ENUM_CONVERSION = YES;
				CLANG_WARN_INFINITE_RECURSION = YES;
				CLANG_WARN_INT_CONVERSION = YES;
				CLANG_WARN_NON_LITERAL_NULL_CONVERSION = YES;
				CLANG_WARN_OBJC_IMPLICIT_RETAIN_SELF = YES;
				CLANG_WARN_OBJC_LITERAL_CONVERSION = YES;
				CLANG_WARN_OBJC_ROOT_CLASS = YES_ERROR;
				CLANG_WARN_QUOTED_INCLUDE_IN_FRAMEWORK_HEADER = YES;
				CLANG_WARN_RANGE_LOOP_ANALYSIS = YES;
				CLANG_WARN_STRICT_PROTOTYPES = YES;
				CLANG_WARN_SUSPICIOUS_MOVE = YES;
				CLANG_WARN_UNGUARDED_AVAILABILITY = YES_AGGRESSIVE;
				CLANG_WARN_UNREACHABLE_CODE = YES;
				CLANG_WARN__DUPLICATE_METHOD_MATCH = YES;
				COPY_PHASE_STRIP = NO;
				DEBUG_INFORMATION_FORMAT = "dwarf-with-dsym";
				ENABLE_NS_ASSERTIONS = NO;
				ENABLE_STRICT_OBJC_MSGSEND = YES;
				GCC_C_LANGUAGE_STANDARD = gnu11;
				GCC_NO_COMMON_BLOCKS = YES;
				GCC_WARN_64_TO_32_BIT_CONVERSION = YES;
				GCC_WARN_ABOUT_RETURN_TYPE = YES_ERROR;
				GCC_WARN_UNDECLARED_SELECTOR = YES;
				GCC_WARN_UNINITIALIZED_AUTOS = YES_AGGRESSIVE;
				GCC_WARN_UNUSED_FUNCTION = YES;
				GCC_WARN_UNUSED_VARIABLE = YES;
				INFOPLIST_FILE = Sources/SwipeClean/Info.plist;
				IPHONEOS_DEPLOYMENT_TARGET = 16.0;
				MTL_ENABLE_DEBUG_INFO = NO;
				MTL_FAST_MATH = YES;
				PRODUCT_NAME = "$(TARGET_NAME)";
				SDKROOT = iphoneos;
				SWIFT_COMPILATION_MODE = wholemodule;
				SWIFT_OPTIMIZATION_LEVEL = "-O";
				SWIFT_VERSION = 5.9;
				TARGETED_DEVICE_FAMILY = 1;
			};
			name = Release;
		};
/* End XCBuildConfiguration section */

/* Begin XCConfigurationList section */
		068C16BF6AADBE03117183F4 /* Build configuration list for PBXProject "SwipeClean" */ = {
			isa = XCConfigurationList;
			buildConfigurations = (
				0447A3D568CDEBEDA165C708 /* Debug */,
				F4706C2BE44E118DC3DB0D70 /* Release */,
			);
			defaultConfigurationIsVisible = 0;
			defaultConfigurationName = Debug;
		};
		530AA6777FCA41A75BB3AE4D /* Build configuration list for PBXNativeTarget "SwipeClean" */ = {
			isa = XCConfigurationList;
			buildConfigurations = (
				6E5EBB87AFBE6C5B53BBDD84 /* Debug */,
				BF0E94BB8C24D835FD1737C5 /* Release */,
			);
			defaultConfigurationIsVisible = 0;
			defaultConfigurationName = Debug;
		};
		B994E08F54A2CBAAB3D3A548 /* Build configuration list for PBXNativeTarget "SwipeCleanTests" */ = {
			isa = XCConfigurationList;
			buildConfigurations = (
				62D326A98DA6416165F52746 /* Debug */,
				2C9F8DFFAB1D53BB7F843980 /* Release */,
			);
			defaultConfigurationIsVisible = 0;
			defaultConfigurationName = Debug;
		};
/* End XCConfigurationList section */
	};
	rootObject = 7E0531C81511778EF5537806 /* Project object */;
}
